
Microsoft Visual Studio Solution File, Format Version 12.00
# Visual Studio Version 16
VisualStudioVersion = 16.0.29709.97
MinimumVisualStudioVersion = 10.0.40219.1
Project("{FAE04EC0-301F-11D3-BF4B-00C04F79EFBC}") = "PMDictionary", "PMDictionary\PMDictionary.csproj", "{30EB3B9D-ADC9-4F93-8EFB-FA7E86BF885A}"
EndProject
Global
	GlobalSection(SolutionConfigurationPlatforms) = preSolution
		Debug|Any CPU = Debug|Any CPU
		Release|Any CPU = Release|Any CPU
	EndGlobalSection
	GlobalSection(ProjectConfigurationPlatforms) = postSolution
		{30EB3B9D-ADC9-4F93-8EFB-FA7E86BF885A}.Debug|Any CPU.ActiveCfg = Debug|Any CPU
		{30EB3B9D-ADC9-4F93-8EFB-FA7E86BF885A}.Debug|Any CPU.Build.0 = Debug|Any CPU
		{30EB3B9D-ADC9-4F93-8EFB-FA7E86BF885A}.Release|Any CPU.ActiveCfg = Release|Any CPU
		{30EB3B9D-ADC9-4F93-8EFB-FA7E86BF885A}.Release|Any CPU.Build.0 = Release|Any CPU
	EndGlobalSection
	GlobalSection(SolutionProperties) = preSolution
		HideSolutionNode = FALSE
	EndGlobalSection
	GlobalSection(ExtensibilityGlobals) = postSolution
		SolutionGuid = {214D7208-9F12-422D-BD87-0A983B745AB4}
	EndGlobalSection
EndGlobal
